
Microsoft Visual Studio Solution File, Format Version 12.00
# Visual Studio Version 16
VisualStudioVersion = 16.0.31205.134
MinimumVisualStudioVersion = 10.0.40219.1
Project("{2150E333-8FDC-42A3-9474-1A3956D46DE8}") = "External", "External", "{1D69AB21-7915-447D-8FDA-B092AAC94E46}"
EndProject
Project("{8BC9CEB8-8B4A-11D0-8D11-00A0C91BC942}") = "Application", "Application\Application.vcxproj", "{0B1D8B31-9689-472D-935E-81542656A07F}"
EndProject
Project("{8BC9CEB8-8B4A-11D0-8D11-00A0C91BC942}") = "Engine", "Engine\Engine.vcxproj", "{B78A4815-F605-40D3-ADFE-4FFAA26C93F2}"
EndProject
Project("{8BC9CEB8-8B4A-11D0-8D11-00A0C91BC942}") = "stb_image", "stb_image\stb_image.vcxproj", "{C3AABD35-73DD-44FB-B546-A78B97F10771}"
EndProject
Global
	GlobalSection(SolutionConfigurationPlatforms) = preSolution
		Debug|x64 = Debug|x64
		Debug|x86 = Debug|x86
		Release|x64 = Release|x64
		Release|x86 = Release|x86
	EndGlobalSection
	GlobalSection(ProjectConfigurationPlatforms) = postSolution
		{0B1D8B31-9689-472D-935E-81542656A07F}.Debug|x64.ActiveCfg = Debug|x64
		{0B1D8B31-9689-472D-935E-81542656A07F}.Debug|x64.Build.0 = Debug|x64
		{0B1D8B31-9689-472D-935E-81542656A07F}.Debug|x86.ActiveCfg = Debug|Win32
		{0B1D8B31-9689-472D-935E-81542656A07F}.Debug|x86.Build.0 = Debug|Win32
		{0B1D8B31-9689-472D-935E-81542656A07F}.Release|x64.ActiveCfg = Release|x64
		{0B1D8B31-9689-472D-935E-81542656A07F}.Release|x64.Build.0 = Release|x64
		{0B1D8B31-9689-472D-935E-81542656A07F}.Release|x86.ActiveCfg = Release|Win32
		{0B1D8B31-9689-472D-935E-81542656A07F}.Release|x86.Build.0 = Release|Win32
		{B78A4815-F605-40D3-ADFE-4FFAA26C93F2}.Debug|x64.ActiveCfg = Debug|x64
		{B78A4815-F605-40D3-ADFE-4FFAA26C93F2}.Debug|x64.Build.0 = Debug|x64
		{B78A4815-F605-40D3-ADFE-4FFAA26C93F2}.Debug|x86.ActiveCfg = Debug|Win32
		{B78A4815-F605-40D3-ADFE-4FFAA26C93F2}.Debug|x86.Build.0 = Debug|Win32
		{B78A4815-F605-40D3-ADFE-4FFAA26C93F2}.Release|x64.ActiveCfg = Release|x64
		{B78A4815-F605-40D3-ADFE-4FFAA26C93F2}.Release|x64.Build.0 = Release|x64
		{B78A4815-F605-40D3-ADFE-4FFAA26C93F2}.Release|x86.ActiveCfg = Release|Win32
		{B78A4815-F605-40D3-ADFE-4FFAA26C93F2}.Release|x86.Build.0 = Release|Win32
		{C3AABD35-73DD-44FB-B546-A78B97F10771}.Debug|x64.ActiveCfg = Debug|x64
		{C3AABD35-73DD-44FB-B546-A78B97F10771}.Debug|x64.Build.0 = Debug|x64
		{C3AABD35-73DD-44FB-B546-A78B97F10771}.Debug|x86.ActiveCfg = Debug|Win32
		{C3AABD35-73DD-44FB-B546-A78B97F10771}.Debug|x86.Build.0 = Debug|Win32
		{C3AABD35-73DD-44FB-B546-A78B97F10771}.Release|x64.ActiveCfg = Release|x64
		{C3AABD35-73DD-44FB-B546-A78B97F10771}.Release|x64.Build.0 = Release|x64
		{C3AABD35-73DD-44FB-B546-A78B97F10771}.Release|x86.ActiveCfg = Release|Win32
		{C3AABD35-73DD-44FB-B546-A78B97F10771}.Release|x86.Build.0 = Release|Win32
	EndGlobalSection
	GlobalSection(SolutionProperties) = preSolution
		HideSolutionNode = FALSE
	EndGlobalSection
	GlobalSection(NestedProjects) = preSolution
		{C3AABD35-73DD-44FB-B546-A78B97F10771} = {1D69AB21-7915-447D-8FDA-B092AAC94E46}
	EndGlobalSection
	GlobalSection(ExtensibilityGlobals) = postSolution
		SolutionGuid = {09CDE6BE-9577-4ADD-B6D5-77FBD83107B7}
	EndGlobalSection
EndGlobal
